
Microsoft Visual Studio Solution File, Format Version 12.00
# Visual Studio Version 17
VisualStudioVersion = 17.0.31903.59
MinimumVisualStudioVersion = 10.0.40219.1
Project("{FAE04EC0-301F-11D3-BF4B-00C04F79EFBC}") = "SpeechConverter", "SpeechConverter\SpeechConverter.csproj", "{F13ED42E-EA8D-4048-A2F0-E90A59782EF6}"
EndProject
Project("{FAE04EC0-301F-11D3-BF4B-00C04F79EFBC}") = "SpeechConverter.Logic", "SpeechConverter.Logic\SpeechConverter.Logic.csproj", "{7F1FA368-BF09-43EA-867C-4CA13A89DC8A}"
EndProject
Project("{FAE04EC0-301F-11D3-BF4B-00C04F79EFBC}") = "SpeechConverter.Entities", "SpeechConverter.Entities\SpeechConverter.Entities.csproj", "{19CA1367-8873-4A8D-BE73-DD5976FB468F}"
EndProject
Project("{FAE04EC0-301F-11D3-BF4B-00C04F79EFBC}") = "SpeechConverter.Tests", "SpeechConverter.Tests\SpeechConverter.Tests.csproj", "{1087DE50-1C1D-454D-B77D-F27EB05E0D74}"
EndProject
Global
	GlobalSection(SolutionConfigurationPlatforms) = preSolution
		Debug|Any CPU = Debug|Any CPU
		Debug|x64 = Debug|x64
		Debug|x86 = Debug|x86
		Release|Any CPU = Release|Any CPU
		Release|x64 = Release|x64
		Release|x86 = Release|x86
	EndGlobalSection
	GlobalSection(ProjectConfigurationPlatforms) = postSolution
		{F13ED42E-EA8D-4048-A2F0-E90A59782EF6}.Debug|Any CPU.ActiveCfg = Debug|Any CPU
		{F13ED42E-EA8D-4048-A2F0-E90A59782EF6}.Debug|Any CPU.Build.0 = Debug|Any CPU
		{F13ED42E-EA8D-4048-A2F0-E90A59782EF6}.Debug|x64.ActiveCfg = Debug|Any CPU
		{F13ED42E-EA8D-4048-A2F0-E90A59782EF6}.Debug|x64.Build.0 = Debug|Any CPU
		{F13ED42E-EA8D-4048-A2F0-E90A59782EF6}.Debug|x86.ActiveCfg = Debug|Any CPU
		{F13ED42E-EA8D-4048-A2F0-E90A59782EF6}.Debug|x86.Build.0 = Debug|Any CPU
		{F13ED42E-EA8D-4048-A2F0-E90A59782EF6}.Release|Any CPU.ActiveCfg = Release|Any CPU
		{F13ED42E-EA8D-4048-A2F0-E90A59782EF6}.Release|Any CPU.Build.0 = Release|Any CPU
		{F13ED42E-EA8D-4048-A2F0-E90A59782EF6}.Release|x64.ActiveCfg = Release|Any CPU
		{F13ED42E-EA8D-4048-A2F0-E90A59782EF6}.Release|x64.Build.0 = Release|Any CPU
		{F13ED42E-EA8D-4048-A2F0-E90A59782EF6}.Release|x86.ActiveCfg = Release|Any CPU
		{F13ED42E-EA8D-4048-A2F0-E90A59782EF6}.Release|x86.Build.0 = Release|Any CPU
		{7F1FA368-BF09-43EA-867C-4CA13A89DC8A}.Debug|Any CPU.ActiveCfg = Debug|Any CPU
		{7F1FA368-BF09-43EA-867C-4CA13A89DC8A}.Debug|Any CPU.Build.0 = Debug|Any CPU
		{7F1FA368-BF09-43EA-867C-4CA13A89DC8A}.Debug|x64.ActiveCfg = Debug|Any CPU
		{7F1FA368-BF09-43EA-867C-4CA13A89DC8A}.Debug|x64.Build.0 = Debug|Any CPU
		{7F1FA368-BF09-43EA-867C-4CA13A89DC8A}.Debug|x86.ActiveCfg = Debug|Any CPU
		{7F1FA368-BF09-43EA-867C-4CA13A89DC8A}.Debug|x86.Build.0 = Debug|Any CPU
		{7F1FA368-BF09-43EA-867C-4CA13A89DC8A}.Release|Any CPU.ActiveCfg = Release|Any CPU
		{7F1FA368-BF09-43EA-867C-4CA13A89DC8A}.Release|Any CPU.Build.0 = Release|Any CPU
		{7F1FA368-BF09-43EA-867C-4CA13A89DC8A}.Release|x64.ActiveCfg = Release|Any CPU
		{7F1FA368-BF09-43EA-867C-4CA13A89DC8A}.Release|x64.Build.0 = Release|Any CPU
		{7F1FA368-BF09-43EA-867C-4CA13A89DC8A}.Release|x86.ActiveCfg = Release|Any CPU
		{7F1FA368-BF09-43EA-867C-4CA13A89DC8A}.Release|x86.Build.0 = Release|Any CPU
		{19CA1367-8873-4A8D-BE73-DD5976FB468F}.Debug|Any CPU.ActiveCfg = Debug|Any CPU
		{19CA1367-8873-4A8D-BE73-DD5976FB468F}.Debug|Any CPU.Build.0 = Debug|Any CPU
		{19CA1367-8873-4A8D-BE73-DD5976FB468F}.Debug|x64.ActiveCfg = Debug|Any CPU
		{19CA1367-8873-4A8D-BE73-DD5976FB468F}.Debug|x64.Build.0 = Debug|Any CPU
		{19CA1367-8873-4A8D-BE73-DD5976FB468F}.Debug|x86.ActiveCfg = Debug|Any CPU
		{19CA1367-8873-4A8D-BE73-DD5976FB468F}.Debug|x86.Build.0 = Debug|Any CPU
		{19CA1367-8873-4A8D-BE73-DD5976FB468F}.Release|Any CPU.ActiveCfg = Release|Any CPU
		{19CA1367-8873-4A8D-BE73-DD5976FB468F}.Release|Any CPU.Build.0 = Release|Any CPU
		{19CA1367-8873-4A8D-BE73-DD5976FB468F}.Release|x64.ActiveCfg = Release|Any CPU
		{19CA1367-8873-4A8D-BE73-DD5976FB468F}.Release|x64.Build.0 = Release|Any CPU
		{19CA1367-8873-4A8D-BE73-DD5976FB468F}.Release|x86.ActiveCfg = Release|Any CPU
		{19CA1367-8873-4A8D-BE73-DD5976FB468F}.Release|x86.Build.0 = Release|Any CPU
		{1087DE50-1C1D-454D-B77D-F27EB05E0D74}.Debug|Any CPU.ActiveCfg = Debug|Any CPU
		{1087DE50-1C1D-454D-B77D-F27EB05E0D74}.Debug|Any CPU.Build.0 = Debug|Any CPU
		{1087DE50-1C1D-454D-B77D-F27EB05E0D74}.Debug|x64.ActiveCfg = Debug|Any CPU
		{1087DE50-1C1D-454D-B77D-F27EB05E0D74}.Debug|x64.Build.0 = Debug|Any CPU
		{1087DE50-1C1D-454D-B77D-F27EB05E0D74}.Debug|x86.ActiveCfg = Debug|Any CPU
		{1087DE50-1C1D-454D-B77D-F27EB05E0D74}.Debug|x86.Build.0 = Debug|Any CPU
		{1087DE50-1C1D-454D-B77D-F27EB05E0D74}.Release|Any CPU.ActiveCfg = Release|Any CPU
		{1087DE50-1C1D-454D-B77D-F27EB05E0D74}.Release|Any CPU.Build.0 = Release|Any CPU
		{1087DE50-1C1D-454D-B77D-F27EB05E0D74}.Release|x64.ActiveCfg = Release|Any CPU
		{1087DE50-1C1D-454D-B77D-F27EB05E0D74}.Release|x64.Build.0 = Release|Any CPU
		{1087DE50-1C1D-454D-B77D-F27EB05E0D74}.Release|x86.ActiveCfg = Release|Any CPU
		{1087DE50-1C1D-454D-B77D-F27EB05E0D74}.Release|x86.Build.0 = Release|Any CPU
	EndGlobalSection
	GlobalSection(SolutionProperties) = preSolution
		HideSolutionNode = FALSE
	EndGlobalSection
EndGlobal
